
Microsoft Visual Studio Solution File, Format Version 12.00
# Visual Studio Version 16
VisualStudioVersion = 16.0.31005.135
MinimumVisualStudioVersion = 10.0.40219.1
Project("{FAE04EC0-301F-11D3-BF4B-00C04F79EFBC}") = "2CHIF_Test3_GruppeB", "2CHIF_Test3_GruppeB\2CHIF_Test3_GruppeB.csproj", "{B942D21D-0639-49B5-8FBD-E5E1195CF3E1}"
EndProject
Global
	GlobalSection(SolutionConfigurationPlatforms) = preSolution
		Debug|Any CPU = Debug|Any CPU
		Release|Any CPU = Release|Any CPU
	EndGlobalSection
	GlobalSection(ProjectConfigurationPlatforms) = postSolution
		{B942D21D-0639-49B5-8FBD-E5E1195CF3E1}.Debug|Any CPU.ActiveCfg = Debug|Any CPU
		{B942D21D-0639-49B5-8FBD-E5E1195CF3E1}.Debug|Any CPU.Build.0 = Debug|Any CPU
		{B942D21D-0639-49B5-8FBD-E5E1195CF3E1}.Release|Any CPU.ActiveCfg = Release|Any CPU
		{B942D21D-0639-49B5-8FBD-E5E1195CF3E1}.Release|Any CPU.Build.0 = Release|Any CPU
	EndGlobalSection
	GlobalSection(SolutionProperties) = preSolution
		HideSolutionNode = FALSE
	EndGlobalSection
	GlobalSection(ExtensibilityGlobals) = postSolution
		SolutionGuid = {2213BA2D-C807-45FF-86A8-6261364ACD41}
	EndGlobalSection
EndGlobal
